
Microsoft Visual Studio Solution File, Format Version 12.00
# Visual Studio Version 17
VisualStudioVersion = 17.3.32819.101
MinimumVisualStudioVersion = 10.0.40219.1
Project("{9A19103F-16F7-4668-BE54-9A1E7A4F7556}") = "VerticalSliceExample", "VerticalSliceExample\VerticalSliceExample.csproj", "{A9D0D757-A599-4C37-B360-89BA3D5D5DDA}"
EndProject
Project("{FAE04EC0-301F-11D3-BF4B-00C04F79EFBC}") = "ExampleApi", "ExampleApi\ExampleApi.csproj", "{782321A4-DAAB-4E57-8173-0AEC7E7E13FE}"
EndProject
Global
	GlobalSection(SolutionConfigurationPlatforms) = preSolution
		Debug|Any CPU = Debug|Any CPU
		Release|Any CPU = Release|Any CPU
	EndGlobalSection
	GlobalSection(ProjectConfigurationPlatforms) = postSolution
		{A9D0D757-A599-4C37-B360-89BA3D5D5DDA}.Debug|Any CPU.ActiveCfg = Debug|Any CPU
		{A9D0D757-A599-4C37-B360-89BA3D5D5DDA}.Debug|Any CPU.Build.0 = Debug|Any CPU
		{A9D0D757-A599-4C37-B360-89BA3D5D5DDA}.Release|Any CPU.ActiveCfg = Release|Any CPU
		{A9D0D757-A599-4C37-B360-89BA3D5D5DDA}.Release|Any CPU.Build.0 = Release|Any CPU
		{782321A4-DAAB-4E57-8173-0AEC7E7E13FE}.Debug|Any CPU.ActiveCfg = Debug|Any CPU
		{782321A4-DAAB-4E57-8173-0AEC7E7E13FE}.Debug|Any CPU.Build.0 = Debug|Any CPU
		{782321A4-DAAB-4E57-8173-0AEC7E7E13FE}.Release|Any CPU.ActiveCfg = Release|Any CPU
		{782321A4-DAAB-4E57-8173-0AEC7E7E13FE}.Release|Any CPU.Build.0 = Release|Any CPU
	EndGlobalSection
	GlobalSection(SolutionProperties) = preSolution
		HideSolutionNode = FALSE
	EndGlobalSection
	GlobalSection(ExtensibilityGlobals) = postSolution
		SolutionGuid = {7EF2FDA9-440B-4E8A-81FC-E289A4A04657}
	EndGlobalSection
EndGlobal
